// !$*UTF8*$!
{
	archiveVersion = 1;
	classes = {
	};
	objectVersion = 46;
	objects = {

/* Begin PBXBuildFile section */
		2CF0CD5F1B21591C00C38481 /* AppDelegate.swift in Sources */ = {isa = PBXBuildFile; fileRef = 2CF0CD5E1B21591C00C38481 /* AppDelegate.swift */; };
		2CF0CD611B21591C00C38481 /* ViewController.swift in Sources */ = {isa = PBXBuildFile; fileRef = 2CF0CD601B21591C00C38481 /* ViewController.swift */; };
		2CF0CD641B21591C00C38481 /* Main.storyboard in Resources */ = {isa = PBXBuildFile; fileRef = 2CF0CD621B21591C00C38481 /* Main.storyboard */; };
		2CF0CD661B21591C00C38481 /* Images.xcassets in Resources */ = {isa = PBXBuildFile; fileRef = 2CF0CD651B21591C00C38481 /* Images.xcassets */; };
		2CF0CD691B21591C00C38481 /* LaunchScreen.xib in Resources */ = {isa = PBXBuildFile; fileRef = 2CF0CD671B21591C00C38481 /* LaunchScreen.xib */; };
		2CF0CD751B21591C00C38481 /* Recipe1Tests.swift in Sources */ = {isa = PBXBuildFile; fileRef = 2CF0CD741B21591C00C38481 /* Recipe1Tests.swift */; };
		2CF0CD7F1B2218AC00C38481 /* AddViewController.swift in Sources */ = {isa = PBXBuildFile; fileRef = 2CF0CD7E1B2218AC00C38481 /* AddViewController.swift */; };
		2CF0CD811B2218B500C38481 /* DetailViewController.swift in Sources */ = {isa = PBXBuildFile; fileRef = 2CF0CD801B2218B500C38481 /* DetailViewController.swift */; };
		2CF0CD831B22389B00C38481 /* customcell.swift in Sources */ = {isa = PBXBuildFile; fileRef = 2CF0CD821B22389B00C38481 /* customcell.swift */; };
		2CF0CD851B2241F700C38481 /* Recipe.swift in Sources */ = {isa = PBXBuildFile; fileRef = 2CF0CD841B2241F700C38481 /* Recipe.swift */; };
		2CF0CD871B2242F300C38481 /* RecipeManager.swift in Sources */ = {isa = PBXBuildFile; fileRef = 2CF0CD861B2242F300C38481 /* RecipeManager.swift */; };
		2CF0CD891B22B13300C38481 /* NSUserDefaultsManager.swift in Sources */ = {isa = PBXBuildFile; fileRef = 2CF0CD881B22B13300C38481 /* NSUserDefaultsManager.swift */; };
/* End PBXBuildFile section */

/* Begin PBXContainerItemProxy section */
		2CF0CD6F1B21591C00C38481 /* PBXContainerItemProxy */ = {
			isa = PBXContainerItemProxy;
			containerPortal = 2CF0CD511B21591C00C38481 /* Project object */;
			proxyType = 1;
			remoteGlobalIDString = 2CF0CD581B21591C00C38481;
			remoteInfo = Recipe1;
		};
/* End PBXContainerItemProxy section */

/* Begin PBXFileReference section */
		2CF0CD591B21591C00C38481 /* Recipe1.app */ = {isa = PBXFileReference; explicitFileType = wrapper.application; includeInIndex = 0; path = Recipe1.app; sourceTree = BUILT_PRODUCTS_DIR; };
		2CF0CD5D1B21591C00C38481 /* Info.plist */ = {isa = PBXFileReference; lastKnownFileType = text.plist.xml; path = Info.plist; sourceTree = "<group>"; };
		2CF0CD5E1B21591C00C38481 /* AppDelegate.swift */ = {isa = PBXFileReference; lastKnownFileType = sourcecode.swift; path = AppDelegate.swift; sourceTree = "<group>"; };
		2CF0CD601B21591C00C38481 /* ViewController.swift */ = {isa = PBXFileReference; lastKnownFileType = sourcecode.swift; path = ViewController.swift; sourceTree = "<group>"; };
		2CF0CD631B21591C00C38481 /* Base */ = {isa = PBXFileReference; lastKnownFileType = file.storyboard; name = Base; path = Base.lproj/Main.storyboard; sourceTree = "<group>"; };
		2CF0CD651B21591C00C38481 /* Images.xcassets */ = {isa = PBXFileReference; lastKnownFileType = folder.assetcatalog; path = Images.xcassets; sourceTree = "<group>"; };
		2CF0CD681B21591C00C38481 /* Base */ = {isa = PBXFileReference; lastKnownFileType = file.xib; name = Base; path = Base.lproj/LaunchScreen.xib; sourceTree = "<group>"; };
		2CF0CD6E1B21591C00C38481 /* Recipe1Tests.xctest */ = {isa = PBXFileReference; explicitFileType = wrapper.cfbundle; includeInIndex = 0; path = Recipe1Tests.xctest; sourceTree = BUILT_PRODUCTS_DIR; };
		2CF0CD731B21591C00C38481 /* Info.plist */ = {isa = PBXFileReference; lastKnownFileType = text.plist.xml; path = Info.plist; sourceTree = "<group>"; };
		2CF0CD741B21591C00C38481 /* Recipe1Tests.swift */ = {isa = PBXFileReference; lastKnownFileType = sourcecode.swift; path = Recipe1Tests.swift; sourceTree = "<group>"; };
		2CF0CD7E1B2218AC00C38481 /* AddViewController.swift */ = {isa = PBXFileReference; fileEncoding = 4; lastKnownFileType = sourcecode.swift; path = AddViewController.swift; sourceTree = "<group>"; };
		2CF0CD801B2218B500C38481 /* DetailViewController.swift */ = {isa = PBXFileReference; fileEncoding = 4; lastKnownFileType = sourcecode.swift; path = DetailViewController.swift; sourceTree = "<group>"; };
		2CF0CD821B22389B00C38481 /* customcell.swift */ = {isa = PBXFileReference; fileEncoding = 4; lastKnownFileType = sourcecode.swift; path = customcell.swift; sourceTree = "<group>"; };
		2CF0CD841B2241F700C38481 /* Recipe.swift */ = {isa = PBXFileReference; fileEncoding = 4; lastKnownFileType = sourcecode.swift; path = Recipe.swift; sourceTree = "<group>"; };
		2CF0CD861B2242F300C38481 /* RecipeManager.swift */ = {isa = PBXFileReference; fileEncoding = 4; lastKnownFileType = sourcecode.swift; path = RecipeManager.swift; sourceTree = "<group>"; };
		2CF0CD881B22B13300C38481 /* NSUserDefaultsManager.swift */ = {isa = PBXFileReference; fileEncoding = 4; lastKnownFileType = sourcecode.swift; path = NSUserDefaultsManager.swift; sourceTree = "<group>"; };
/* End PBXFileReference section */

/* Begin PBXFrameworksBuildPhase section */
		2CF0CD561B21591C00C38481 /* Frameworks */ = {
			isa = PBXFrameworksBuildPhase;
			buildActionMask = 2147483647;
			files = (
			);
			runOnlyForDeploymentPostprocessing = 0;
		};
		2CF0CD6B1B21591C00C38481 /* Frameworks */ = {
			isa = PBXFrameworksBuildPhase;
			buildActionMask = 2147483647;
			files = (
			);
			runOnlyForDeploymentPostprocessing = 0;
		};
/* End PBXFrameworksBuildPhase section */

/* Begin PBXGroup section */
		2CF0CD501B21591C00C38481 = {
			isa = PBXGroup;
			children = (
				2CF0CD5B1B21591C00C38481 /* Recipe1 */,
				2CF0CD711B21591C00C38481 /* Recipe1Tests */,
				2CF0CD5A1B21591C00C38481 /* Products */,
			);
			sourceTree = "<group>";
		};
		2CF0CD5A1B21591C00C38481 /* Products */ = {
			isa = PBXGroup;
			children = (
				2CF0CD591B21591C00C38481 /* Recipe1.app */,
				2CF0CD6E1B21591C00C38481 /* Recipe1Tests.xctest */,
			);
			name = Products;
			sourceTree = "<group>";
		};
		2CF0CD5B1B21591C00C38481 /* Recipe1 */ = {
			isa = PBXGroup;
			children = (
				2CF0CD5E1B21591C00C38481 /* AppDelegate.swift */,
				2CF0CD601B21591C00C38481 /* ViewController.swift */,
				2CF0CD841B2241F700C38481 /* Recipe.swift */,
				2CF0CD881B22B13300C38481 /* NSUserDefaultsManager.swift */,
				2CF0CD861B2242F300C38481 /* RecipeManager.swift */,
				2CF0CD7E1B2218AC00C38481 /* AddViewController.swift */,
				2CF0CD801B2218B500C38481 /* DetailViewController.swift */,
				2CF0CD621B21591C00C38481 /* Main.storyboard */,
				2CF0CD651B21591C00C38481 /* Images.xcassets */,
				2CF0CD671B21591C00C38481 /* LaunchScreen.xib */,
				2CF0CD821B22389B00C38481 /* customcell.swift */,
				2CF0CD5C1B21591C00C38481 /* Supporting Files */,
			);
			path = Recipe1;
			sourceTree = "<group>";
		};
		2CF0CD5C1B21591C00C38481 /* Supporting Files */ = {
			isa = PBXGroup;
			children = (
				2CF0CD5D1B21591C00C38481 /* Info.plist */,
			);
			name = "Supporting Files";
			sourceTree = "<group>";
		};
		2CF0CD711B21591C00C38481 /* Recipe1Tests */ = {
			isa = PBXGroup;
			children = (
				2CF0CD741B21591C00C38481 /* Recipe1Tests.swift */,
				2CF0CD721B21591C00C38481 /* Supporting Files */,
			);
			path = Recipe1Tests;
			sourceTree = "<group>";
		};
		2CF0CD721B21591C00C38481 /* Supporting Files */ = {
			isa = PBXGroup;
			children = (
				2CF0CD731B21591C00C38481 /* Info.plist */,
			);
			name = "Supporting Files";
			sourceTree = "<group>";
		};
/* End PBXGroup section */

/* Begin PBXNativeTarget section */
		2CF0CD581B21591C00C38481 /* Recipe1 */ = {
			isa = PBXNativeTarget;
			buildConfigurationList = 2CF0CD781B21591C00C38481 /* Build configuration list for PBXNativeTarget "Recipe1" */;
			buildPhases = (
				2CF0CD551B21591C00C38481 /* Sources */,
				2CF0CD561B21591C00C38481 /* Frameworks */,
				2CF0CD571B21591C00C38481 /* Resources */,
			);
			buildRules = (
			);
			dependencies = (
			);
			name = Recipe1;
			productName = Recipe1;
			productReference = 2CF0CD591B21591C00C38481 /* Recipe1.app */;
			productType = "com.apple.product-type.application";
		};
		2CF0CD6D1B21591C00C38481 /* Recipe1Tests */ = {
			isa = PBXNativeTarget;
			buildConfigurationList = 2CF0CD7B1B21591C00C38481 /* Build configuration list for PBXNativeTarget "Recipe1Tests" */;
			buildPhases = (
				2CF0CD6A1B21591C00C38481 /* Sources */,
				2CF0CD6B1B21591C00C38481 /* Frameworks */,
				2CF0CD6C1B21591C00C38481 /* Resources */,
			);
			buildRules = (
			);
			dependencies = (
				2CF0CD701B21591C00C38481 /* PBXTargetDependency */,
			);
			name = Recipe1Tests;
			productName = Recipe1Tests;
			productReference = 2CF0CD6E1B21591C00C38481 /* Recipe1Tests.xctest */;
			productType = "com.apple.product-type.bundle.unit-test";
		};
/* End PBXNativeTarget section */

/* Begin PBXProject section */
		2CF0CD511B21591C00C38481 /* Project object */ = {
			isa = PBXProject;
			attributes = {
				LastUpgradeCheck = 0630;
				ORGANIZATIONNAME = "Marcelo Alves";
				TargetAttributes = {
					2CF0CD581B21591C00C38481 = {
						CreatedOnToolsVersion = 6.3.2;
					};
					2CF0CD6D1B21591C00C38481 = {
						CreatedOnToolsVersion = 6.3.2;
						TestTargetID = 2CF0CD581B21591C00C38481;
					};
				};
			};
			buildConfigurationList = 2CF0CD541B21591C00C38481 /* Build configuration list for PBXProject "Recipe1" */;
			compatibilityVersion = "Xcode 3.2";
			developmentRegion = English;
			hasScannedForEncodings = 0;
			knownRegions = (
				en,
				Base,
			);
			mainGroup = 2CF0CD501B21591C00C38481;
			productRefGroup = 2CF0CD5A1B21591C00C38481 /* Products */;
			projectDirPath = "";
			projectRoot = "";
			targets = (
				2CF0CD581B21591C00C38481 /* Recipe1 */,
				2CF0CD6D1B21591C00C38481 /* Recipe1Tests */,
			);
		};
/* End PBXProject section */

/* Begin PBXResourcesBuildPhase section */
		2CF0CD571B21591C00C38481 /* Resources */ = {
			isa = PBXResourcesBuildPhase;
			buildActionMask = 2147483647;
			files = (
				2CF0CD641B21591C00C38481 /* Main.storyboard in Resources */,
				2CF0CD691B21591C00C38481 /* LaunchScreen.xib in Resources */,
				2CF0CD661B21591C00C38481 /* Images.xcassets in Resources */,
			);
			runOnlyForDeploymentPostprocessing = 0;
		};
		2CF0CD6C1B21591C00C38481 /* Resources */ = {
			isa = PBXResourcesBuildPhase;
			buildActionMask = 2147483647;
			files = (
			);
			runOnlyForDeploymentPostprocessing = 0;
		};
/* End PBXResourcesBuildPhase section */

/* Begin PBXSourcesBuildPhase section */
		2CF0CD551B21591C00C38481 /* Sources */ = {
			isa = PBXSourcesBuildPhase;
			buildActionMask = 2147483647;
			files = (
				2CF0CD831B22389B00C38481 /* customcell.swift in Sources */,
				2CF0CD891B22B13300C38481 /* NSUserDefaultsManager.swift in Sources */,
				2CF0CD611B21591C00C38481 /* ViewController.swift in Sources */,
				2CF0CD5F1B21591C00C38481 /* AppDelegate.swift in Sources */,
				2CF0CD851B2241F700C38481 /* Recipe.swift in Sources */,
				2CF0CD871B2242F300C38481 /* RecipeManager.swift in Sources */,
				2CF0CD7F1B2218AC00C38481 /* AddViewController.swift in Sources */,
				2CF0CD811B2218B500C38481 /* DetailViewController.swift in Sources */,
			);
			runOnlyForDeploymentPostprocessing = 0;
		};
		2CF0CD6A1B21591C00C38481 /* Sources */ = {
			isa = PBXSourcesBuildPhase;
			buildActionMask = 2147483647;
			files = (
				2CF0CD751B21591C00C38481 /* Recipe1Tests.swift in Sources */,
			);
			runOnlyForDeploymentPostprocessing = 0;
		};
/* End PBXSourcesBuildPhase section */

/* Begin PBXTargetDependency section */
		2CF0CD701B21591C00C38481 /* PBXTargetDependency */ = {
			isa = PBXTargetDependency;
			target = 2CF0CD581B21591C00C38481 /* Recipe1 */;
			targetProxy = 2CF0CD6F1B21591C00C38481 /* PBXContainerItemProxy */;
		};
/* End PBXTargetDependency section */

/* Begin PBXVariantGroup section */
		2CF0CD621B21591C00C38481 /* Main.storyboard */ = {
			isa = PBXVariantGroup;
			children = (
				2CF0CD631B21591C00C38481 /* Base */,
			);
			name = Main.storyboard;
			sourceTree = "<group>";
		};
		2CF0CD671B21591C00C38481 /* LaunchScreen.xib */ = {
			isa = PBXVariantGroup;
			children = (
				2CF0CD681B21591C00C38481 /* Base */,
			);
			name = LaunchScreen.xib;
			sourceTree = "<group>";
		};
/* End PBXVariantGroup section */

/* Begin XCBuildConfiguration section */
		2CF0CD761B21591C00C38481 /* Debug */ = {
			isa = XCBuildConfiguration;
			buildSettings = {
				ALWAYS_SEARCH_USER_PATHS = NO;
				CLANG_CXX_LANGUAGE_STANDARD = "gnu++0x";
				CLANG_CXX_LIBRARY = "libc++";
				CLANG_ENABLE_MODULES = YES;
				CLANG_ENABLE_OBJC_ARC = YES;
				CLANG_WARN_BOOL_CONVERSION = YES;
				CLANG_WARN_CONSTANT_CONVERSION = YES;
				CLANG_WARN_DIRECT_OBJC_ISA_USAGE = YES_ERROR;
				CLANG_WARN_EMPTY_BODY = YES;
				CLANG_WARN_ENUM_CONVERSION = YES;
				CLANG_WARN_INT_CONVERSION = YES;
				CLANG_WARN_OBJC_ROOT_CLASS = YES_ERROR;
				CLANG_WARN_UNREACHABLE_CODE = YES;
				CLANG_WARN__DUPLICATE_METHOD_MATCH = YES;
				"CODE_SIGN_IDENTITY[sdk=iphoneos*]" = "iPhone Developer";
				COPY_PHASE_STRIP = NO;
				DEBUG_INFORMATION_FORMAT = "dwarf-with-dsym";
				ENABLE_STRICT_OBJC_MSGSEND = YES;
				GCC_C_LANGUAGE_STANDARD = gnu99;
				GCC_DYNAMIC_NO_PIC = NO;
				GCC_NO_COMMON_BLOCKS = YES;
				GCC_OPTIMIZATION_LEVEL = 0;
				GCC_PREPROCESSOR_DEFINITIONS = (
					"DEBUG=1",
					"$(inherited)",
				);
				GCC_SYMBOLS_PRIVATE_EXTERN = NO;
				GCC_WARN_64_TO_32_BIT_CONVERSION = YES;
				GCC_WARN_ABOUT_RETURN_TYPE = YES_ERROR;
				GCC_WARN_UNDECLARED_SELECTOR = YES;
				GCC_WARN_UNINITIALIZED_AUTOS = YES_AGGRESSIVE;
				GCC_WARN_UNUSED_FUNCTION = YES;
				GCC_WARN_UNUSED_VARIABLE = YES;
				IPHONEOS_DEPLOYMENT_TARGET = 8.3;
				MTL_ENABLE_DEBUG_INFO = YES;
				ONLY_ACTIVE_ARCH = YES;
				SDKROOT = iphoneos;
				SWIFT_OPTIMIZATION_LEVEL = "-Onone";
			};
			name = Debug;
		};
		2CF0CD771B21591C00C38481 /* Release */ = {
			isa = XCBuildConfiguration;
			buildSettings = {
				ALWAYS_SEARCH_USER_PATHS = NO;
				CLANG_CXX_LANGUAGE_STANDARD = "gnu++0x";
				CLANG_CXX_LIBRARY = "libc++";
				CLANG_ENABLE_MODULES = YES;
				CLANG_ENABLE_OBJC_ARC = YES;
				CLANG_WARN_BOOL_CONVERSION = YES;
				CLANG_WARN_CONSTANT_CONVERSION = YES;
				CLANG_WARN_DIRECT_OBJC_ISA_USAGE = YES_ERROR;
				CLANG_WARN_EMPTY_BODY = YES;
				CLANG_WARN_ENUM_CONVERSION = YES;
				CLANG_WARN_INT_CONVERSION = YES;
				CLANG_WARN_OBJC_ROOT_CLASS = YES_ERROR;
				CLANG_WARN_UNREACHABLE_CODE = YES;
				CLANG_WARN__DUPLICATE_METHOD_MATCH = YES;
				"CODE_SIGN_IDENTITY[sdk=iphoneos*]" = "iPhone Developer";
				COPY_PHASE_STRIP = NO;
				DEBUG_INFORMATION_FORMAT = "dwarf-with-dsym";
				ENABLE_NS_ASSERTIONS = NO;
				ENABLE_STRICT_OBJC_MSGSEND = YES;
				GCC_C_LANGUAGE_STANDARD = gnu99;
				GCC_NO_COMMON_BLOCKS = YES;
				GCC_WARN_64_TO_32_BIT_CONVERSION = YES;
				GCC_WARN_ABOUT_RETURN_TYPE = YES_ERROR;
				GCC_WARN_UNDECLARED_SELECTOR = YES;
				GCC_WARN_UNINITIALIZED_AUTOS = YES_AGGRESSIVE;
				GCC_WARN_UNUSED_FUNCTION = YES;
				GCC_WARN_UNUSED_VARIABLE = YES;
				IPHONEOS_DEPLOYMENT_TARGET = 8.3;
				MTL_ENABLE_DEBUG_INFO = NO;
				SDKROOT = iphoneos;
				VALIDATE_PRODUCT = YES;
			};
			name = Release;
		};
		2CF0CD791B21591C00C38481 /* Debug */ = {
			isa = XCBuildConfiguration;
			buildSettings = {
				ASSETCATALOG_COMPILER_APPICON_NAME = AppIcon;
				INFOPLIST_FILE = Recipe1/Info.plist;
				LD_RUNPATH_SEARCH_PATHS = "$(inherited) @executable_path/Frameworks";
				PRODUCT_NAME = "$(TARGET_NAME)";
			};
			name = Debug;
		};
		2CF0CD7A1B21591C00C38481 /* Release */ = {
			isa = XCBuildConfiguration;
			buildSettings = {
				ASSETCATALOG_COMPILER_APPICON_NAME = AppIcon;
				INFOPLIST_FILE = Recipe1/Info.plist;
				LD_RUNPATH_SEARCH_PATHS = "$(inherited) @executable_path/Frameworks";
				PRODUCT_NAME = "$(TARGET_NAME)";
			};
			name = Release;
		};
		2CF0CD7C1B21591C00C38481 /* Debug */ = {
			isa = XCBuildConfiguration;
			buildSettings = {
				BUNDLE_LOADER = "$(TEST_HOST)";
				FRAMEWORK_SEARCH_PATHS = (
					"$(SDKROOT)/Developer/Library/Frameworks",
					"$(inherited)",
				);
				GCC_PREPROCESSOR_DEFINITIONS = (
					"DEBUG=1",
					"$(inherited)",
				);
				INFOPLIST_FILE = Recipe1Tests/Info.plist;
				LD_RUNPATH_SEARCH_PATHS = "$(inherited) @executable_path/Frameworks @loader_path/Frameworks";
				PRODUCT_NAME = "$(TARGET_NAME)";
				TEST_HOST = "$(BUILT_PRODUCTS_DIR)/Recipe1.app/Recipe1";
			};
			name = Debug;
		};
		2CF0CD7D1B21591C00C38481 /* Release */ = {
			isa = XCBuildConfiguration;
			buildSettings = {
				BUNDLE_LOADER = "$(TEST_HOST)";
				FRAMEWORK_SEARCH_PATHS = (
					"$(SDKROOT)/Developer/Library/Frameworks",
					"$(inherited)",
				);
				INFOPLIST_FILE = Recipe1Tests/Info.plist;
				LD_RUNPATH_SEARCH_PATHS = "$(inherited) @executable_path/Frameworks @loader_path/Frameworks";
				PRODUCT_NAME = "$(TARGET_NAME)";
				TEST_HOST = "$(BUILT_PRODUCTS_DIR)/Recipe1.app/Recipe1";
			};
			name = Release;
		};
/* End XCBuildConfiguration section */

/* Begin XCConfigurationList section */
		2CF0CD541B21591C00C38481 /* Build configuration list for PBXProject "Recipe1" */ = {
			isa = XCConfigurationList;
			buildConfigurations = (
				2CF0CD761B21591C00C38481 /* Debug */,
				2CF0CD771B21591C00C38481 /* Release */,
			);
			defaultConfigurationIsVisible = 0;
			defaultConfigurationName = Release;
		};
		2CF0CD781B21591C00C38481 /* Build configuration list for PBXNativeTarget "Recipe1" */ = {
			isa = XCConfigurationList;
			buildConfigurations = (
				2CF0CD791B21591C00C38481 /* Debug */,
				2CF0CD7A1B21591C00C38481 /* Release */,
			);
			defaultConfigurationIsVisible = 0;
			defaultConfigurationName = Release;
		};
		2CF0CD7B1B21591C00C38481 /* Build configuration list for PBXNativeTarget "Recipe1Tests" */ = {
			isa = XCConfigurationList;
			buildConfigurations = (
				2CF0CD7C1B21591C00C38481 /* Debug */,
				2CF0CD7D1B21591C00C38481 /* Release */,
			);
			defaultConfigurationIsVisible = 0;
			defaultConfigurationName = Release;
		};
/* End XCConfigurationList section */
	};
	rootObject = 2CF0CD511B21591C00C38481 /* Project object */;
}
